# generated by rye
# use `rye lock` or `rye sync` to update this lockfile
#
# last locked with the following flags:
#   pre: true
#   features: []
#   all-features: true
#   with-sources: false
#   generate-hashes: false
#   universal: false

-e file:.
absl-py==2.1.0
    # via tensorboard
aider-chat==0.60.0
    # via sandbox-agent
aiocache==0.12.2
    # via sandbox-agent
aioconsole==0.8.0
    # via aiomonitor
aiodebug==2.3.0
    # via sandbox-agent
aiodns==3.2.0
    # via sandbox-agent
aiofile==3.8.8
    # via sandbox-agent
aiofiles==24.1.0
    # via aiopytesseract
    # via sandbox-agent
aiohappyeyeballs==2.4.0
    # via aider-chat
    # via aiohttp
aiohttp==3.10.5
    # via aider-chat
    # via aiomonitor
    # via datasets
    # via discord-py
    # via fsspec
    # via langchain
    # via langchain-community
    # via litellm
    # via pytest-aiohttp
    # via sandbox-agent
aiomonitor==0.7.0
    # via sandbox-agent
aioprometheus==23.12.0
    # via sandbox-agent
aiopytesseract==0.14.0
    # via sandbox-agent
aiosignal==1.3.1
    # via aider-chat
    # via aiohttp
aiosql==11.1
    # via sandbox-agent
aiosqlite==0.20.0
    # via sandbox-agent
altair==5.4.1
    # via streamlit
annotated-types==0.7.0
    # via aider-chat
    # via pydantic
anthropic==0.34.1
    # via langchain-anthropic
anyio==4.6.0
    # via aider-chat
    # via anthropic
    # via asyncer
    # via groq
    # via httpx
    # via jupyter-server
    # via openai
    # via sse-starlette
    # via starlette
    # via watchfiles
application-properties==0.8.2
    # via pymarkdownlnt
appnope==0.1.4
    # via ipykernel
argon2-cffi==23.1.0
    # via jupyter-server
argon2-cffi-bindings==21.2.0
    # via argon2-cffi
asgiref==3.8.1
    # via opentelemetry-instrumentation-asgi
astroid==3.2.4
    # via pylint
asttokens==2.4.1
    # via stack-data
async-lru==2.0.4
    # via jupyterlab
asyncer==0.0.8
    # via sandbox-agent
asyncpg==0.29.0
    # via sandbox-agent
attrs==24.2.0
    # via aider-chat
    # via aiohttp
    # via aiomonitor
    # via aiopytesseract
    # via cattrs
    # via jsonschema
    # via lsprotocol
    # via referencing
    # via requests-cache
    # via sandbox-agent
autopep8==2.3.1
    # via nbqa
babel==2.16.0
    # via jupyterlab-server
    # via mkdocs-material
    # via sandbox-agent
backoff==2.2.1
    # via aider-chat
    # via posthog
bcrypt==4.2.0
    # via chromadb
    # via passlib
beautifulsoup4==4.12.3
    # via aider-chat
    # via bs4
    # via google
    # via mkdocs-mermaid2-plugin
    # via mkdocs-with-pdf
    # via nbconvert
    # via sandbox-agent
    # via wikipedia
    # via yfinance
better-exceptions==0.3.3
    # via sandbox-agent
black==24.8.0
bleach==6.1.0
    # via nbconvert
blessed==1.20.0
    # via curtsies
blinker==1.8.2
    # via streamlit
bpython==0.24
bracex==2.5
    # via wcmatch
brotli==1.1.0
    # via fonttools
bs4==0.0.2
    # via pyinspect
    # via pypi-command-line
build==1.2.1
    # via chromadb
bump-pydantic==0.8.0
    # via sandbox-agent
cachetools==5.5.0
    # via google-auth
    # via streamlit
    # via tox
caio==0.9.17
    # via aiofile
cattrs==24.1.0
    # via aiopytesseract
    # via jedi-language-server
    # via lsprotocol
    # via pygls
    # via requests-cache
certifi==2024.8.30
    # via aider-chat
    # via httpcore
    # via httpx
    # via kubernetes
    # via pinecone-client
    # via requests
    # via sentry-sdk
cffi==1.17.1
    # via aider-chat
    # via argon2-cffi-bindings
    # via cryptography
    # via pycares
    # via sounddevice
    # via soundfile
    # via weasyprint
cfgv==3.4.0
    # via pre-commit
changelogs @ git+https://github.com/bossjones/changelogs@63287d56c8fe2c5b39e740fdde2d03ad6b76a40e
chardet==5.2.0
    # via mbstrdecoder
    # via sandbox-agent
    # via tox
charset-normalizer==3.3.2
    # via aider-chat
    # via docformatter
    # via requests
chroma-hnswlib==0.7.6
    # via chromadb
chromadb==0.5.13
    # via langchain-chroma
    # via sandbox-agent
click==8.1.7
    # via aider-chat
    # via aiomonitor
    # via black
    # via dask
    # via duckduckgo-search
    # via litellm
    # via maison
    # via mkdocs
    # via mkdocstrings
    # via pur
    # via pyinspect
    # via rich-click
    # via sandbox-agent
    # via scenedetect
    # via streamlit
    # via towncrier
    # via typer
    # via uvicorn
    # via wandb
    # via yamlfix
click-spinner==0.1.10
    # via sandbox-agent
cloudpickle==3.0.0
    # via dask
codetiming==1.4.0
    # via sandbox-agent
colorama==0.4.6
    # via griffe
    # via mkdocs-material
    # via tox
coloredlogs==15.0.1
    # via onnxruntime
columnar==1.4.1
    # via pymarkdownlnt
comm==0.2.2
    # via ipykernel
    # via ipywidgets
configargparse==1.7
    # via aider-chat
contourpy==1.3.0
    # via matplotlib
coverage==7.6.1
    # via pytest-cov
cryptography==43.0.0
    # via types-pyopenssl
    # via types-redis
cssselect2==0.7.0
    # via weasyprint
curtsies==0.4.2
    # via bpython
cwcwidth==0.1.9
    # via bpython
    # via curtsies
cycler==0.12.1
    # via matplotlib
dask==2024.8.2
    # via sandbox-agent
dataclasses-json==0.6.7
    # via langchain-community
dataproperty==1.0.1
    # via pytablewriter
    # via tabledata
datasets==2.2.1
    # via simpletransformers
debugpy==1.8.5
    # via ipykernel
decorator==4.4.2
    # via ipython
    # via moviepy
defusedxml==0.7.1
    # via langchain-anthropic
    # via nbconvert
deprecated==1.2.14
    # via opentelemetry-api
    # via opentelemetry-exporter-otlp-proto-grpc
    # via opentelemetry-semantic-conventions
diff-match-patch==20230430
    # via aider-chat
dill==0.3.8
    # via datasets
    # via multiprocess
    # via pylint
discord-py==2.4.0
    # via dpytest
    # via sandbox-agent
diskcache==5.6.3
    # via aider-chat
distlib==0.3.8
    # via virtualenv
distro==1.9.0
    # via aider-chat
    # via anthropic
    # via groq
    # via openai
    # via ruyaml
dnspython==2.6.1
    # via email-validator
    # via pymongo
docformatter==1.7.5
docker-pycreds==0.4.0
    # via wandb
docopt==0.6.2
    # via md2pdf
docstring-to-markdown==0.15
    # via jedi-language-server
docutils==0.21.2
    # via rich-rst
    # via sandbox-agent
dominate==2.9.1
    # via pytablewriter
dpytest==0.7.0
duckdb==1.0.0
    # via sandbox-agent
duckduckgo-search==6.3.0
    # via sandbox-agent
durabledict==0.9.4
    # via gutter
editorconfig==0.12.4
    # via jsbeautifier
email-validator==2.2.0
    # via fastapi
    # via pydantic
executing==2.1.0
    # via stack-data
factory-boy==3.3.1
    # via sandbox-agent
faiss-cpu==1.8.0.post1
    # via sandbox-agent
faker==28.1.0
    # via factory-boy
    # via sandbox-agent
fastapi==0.112.2
    # via chromadb
    # via langchain-chroma
    # via langserve
    # via sandbox-agent
    # via sse-starlette
fastapi-cli==0.0.5
    # via fastapi
fastjsonschema==2.20.0
    # via nbformat
    # via validate-pyproject
filelock==3.16.1
    # via aider-chat
    # via huggingface-hub
    # via torch
    # via tox
    # via transformers
    # via virtualenv
flake8==7.1.1
    # via aider-chat
flatbuffers==24.3.25
    # via onnxruntime
fonttools==4.53.1
    # via matplotlib
    # via sandbox-agent
    # via weasyprint
frozendict==2.4.4
    # via yfinance
frozenlist==1.4.1
    # via aider-chat
    # via aiohttp
    # via aiosignal
fsspec==2024.9.0
    # via aider-chat
    # via dask
    # via datasets
    # via huggingface-hub
    # via torch
gallery-dl==1.27.3
    # via sandbox-agent
geojson==2.5.0
    # via pyowm
ghp-import==2.1.0
    # via mkdocs
gitchangelog==3.0.4
    # via changelogs
gitdb==4.0.11
    # via aider-chat
    # via gitpython
gitpython==3.1.43
    # via aider-chat
    # via streamlit
    # via wandb
google==3.0.0
    # via pyinspect
google-ai-generativelanguage==0.6.10
    # via google-generativeai
google-api-core==2.19.2
    # via google-ai-generativelanguage
    # via google-api-python-client
    # via google-generativeai
google-api-python-client==2.143.0
    # via google-generativeai
google-auth==2.34.0
    # via google-ai-generativelanguage
    # via google-api-core
    # via google-api-python-client
    # via google-auth-httplib2
    # via google-auth-oauthlib
    # via google-generativeai
    # via kubernetes
    # via sandbox-agent
google-auth-httplib2==0.2.0
    # via google-api-python-client
google-auth-oauthlib==1.2.1
    # via sandbox-agent
google-generativeai==0.8.3
    # via langchain-google-genai
googleapis-common-protos==1.65.0
    # via google-api-core
    # via grpcio-status
    # via opentelemetry-exporter-otlp-proto-grpc
    # via pinecone-client
    # via protoc-gen-openapiv2
grandalf==0.8
    # via sandbox-agent
greenlet==3.0.3
    # via bpython
grep-ast==0.3.3
    # via aider-chat
griffe==1.2.0
    # via mkdocstrings-python
groq==0.10.0
    # via langchain-groq
grpc-stubs==1.53.0.5
grpcio==1.66.1
    # via chromadb
    # via google-api-core
    # via grpc-stubs
    # via grpcio-status
    # via opentelemetry-exporter-otlp-proto-grpc
    # via pinecone-client
    # via tensorboard
grpcio-status==1.62.3
    # via google-api-core
gutter==0.5.0
    # via sandbox-agent
h11==0.14.0
    # via aider-chat
    # via httpcore
    # via uvicorn
h2==4.1.0
    # via httpx
hpack==4.0.0
    # via h2
html5lib==1.1
    # via weasyprint
    # via yfinance
httpcore==1.0.5
    # via aider-chat
    # via httpx
httplib2==0.22.0
    # via google-api-python-client
    # via google-auth-httplib2
httptools==0.6.1
    # via uvicorn
httpx==0.27.2
    # via aider-chat
    # via anthropic
    # via chromadb
    # via fastapi
    # via groq
    # via jupyterlab
    # via langgraph-sdk
    # via langserve
    # via langsmith
    # via openai
    # via pytest-httpx
    # via respx
    # via sandbox-agent
    # via tavily-python
httpx-sse==0.4.0
    # via langgraph-sdk
huggingface-hub==0.25.0
    # via aider-chat
    # via datasets
    # via sandbox-agent
    # via sentence-transformers
    # via timm
    # via tokenizers
    # via transformers
humanfriendly==10.0
    # via coloredlogs
humanize==4.10.0
    # via pypi-command-line
hunter==3.7.0
hyperframe==6.0.1
    # via h2
identify==2.6.0
    # via pre-commit
idna==3.10
    # via aider-chat
    # via anyio
    # via email-validator
    # via httpx
    # via requests
    # via yarl
imageio==2.35.1
    # via moviepy
    # via sandbox-agent
imageio-ffmpeg==0.5.1
    # via moviepy
importlib-metadata==7.2.1
    # via aider-chat
    # via litellm
    # via opentelemetry-api
importlib-resources==6.4.5
    # via aider-chat
    # via chromadb
imutils==0.5.4
    # via sandbox-agent
iniconfig==2.0.0
    # via pytest
ipykernel==6.29.5
    # via jupyterlab
    # via mkdocs-jupyter
    # via sandbox-agent
ipython==8.18.0
    # via ipykernel
    # via ipywidgets
    # via nbqa
ipywidgets==8.1.5
    # via sandbox-agent
isort==5.13.2
    # via pylint
itsdangerous==2.2.0
    # via fastapi
janus==1.0.0
    # via aiomonitor
jedi==0.19.1
    # via ipython
    # via jedi-language-server
jedi-language-server==0.41.4
    # via sandbox-agent
jinja2==3.1.4
    # via aider-chat
    # via aiomonitor
    # via altair
    # via fastapi
    # via jupyter-server
    # via jupyterlab
    # via jupyterlab-server
    # via litellm
    # via memray
    # via mkdocs
    # via mkdocs-material
    # via mkdocstrings
    # via nbconvert
    # via pydeck
    # via torch
    # via towncrier
jiter==0.5.0
    # via aider-chat
    # via anthropic
    # via openai
joblib==1.4.2
    # via scikit-learn
jq==1.8.0
    # via sandbox-agent
jsbeautifier==1.15.1
    # via mkdocs-mermaid2-plugin
json5==0.9.25
    # via aider-chat
    # via jupyterlab-server
jsonpatch==1.33
    # via langchain-core
jsonpickle==3.3.0
    # via gutter
jsonpointer==3.0.0
    # via jsonpatch
jsonschema==4.23.0
    # via aider-chat
    # via altair
    # via jupyter-events
    # via jupyterlab-server
    # via litellm
    # via nbformat
jsonschema-specifications==2023.12.1
    # via aider-chat
    # via jsonschema
jupyter-client==8.6.2
    # via ipykernel
    # via jupyter-server
    # via nbclient
jupyter-core==5.7.2
    # via ipykernel
    # via jupyter-client
    # via jupyter-server
    # via jupyterlab
    # via nbclient
    # via nbconvert
    # via nbformat
jupyter-events==0.4.0
    # via jupyter-server
jupyter-lsp==2.2.5
    # via jupyterlab
jupyter-server==2.5.0
    # via jupyter-lsp
    # via jupyterlab
    # via jupyterlab-server
    # via notebook
    # via notebook-shim
jupyter-server-terminals==0.5.3
    # via jupyter-server
jupyterlab==4.2.5
    # via notebook
jupyterlab-pygments==0.3.0
    # via nbconvert
jupyterlab-server==2.27.3
    # via jupyterlab
    # via notebook
jupyterlab-widgets==3.0.13
    # via ipywidgets
jupytext==1.16.4
    # via mkdocs-jupyter
kiwisolver==1.4.5
    # via matplotlib
kubernetes==30.1.0
    # via chromadb
langchain==0.3.3
    # via langchain-community
    # via sandbox-agent
langchain-anthropic==0.2.3
    # via sandbox-agent
langchain-chroma==0.1.4
    # via sandbox-agent
langchain-community==0.3.2
    # via sandbox-agent
langchain-core==0.3.10
    # via langchain
    # via langchain-anthropic
    # via langchain-chroma
    # via langchain-community
    # via langchain-google-genai
    # via langchain-groq
    # via langchain-openai
    # via langchain-postgres
    # via langchain-text-splitters
    # via langgraph
    # via langgraph-checkpoint
    # via langserve
    # via sandbox-agent
langchain-google-genai==2.0.1
    # via sandbox-agent
langchain-groq==0.2.0
    # via sandbox-agent
langchain-openai==0.2.2
    # via sandbox-agent
langchain-postgres==0.0.12
    # via sandbox-agent
langchain-text-splitters==0.3.0
    # via langchain
langchainhub==0.1.21
    # via sandbox-agent
langgraph==0.2.38
    # via sandbox-agent
langgraph-checkpoint==2.0.1
    # via langgraph
    # via langgraph-checkpoint-postgres
langgraph-checkpoint-postgres==2.0.1
    # via sandbox-agent
langgraph-sdk==0.1.33
    # via langgraph
langserve==0.3.0
    # via sandbox-agent
langsmith==0.1.135
    # via langchain
    # via langchain-community
    # via langchain-core
lazy-object-proxy==1.10.0
    # via sandbox-agent
levenshtein==0.25.1
    # via python-levenshtein
libcst==1.4.0
    # via bump-pydantic
    # via monkeytype
libsass==0.23.0
    # via mkdocs-with-pdf
linkify-it-py==2.0.3
    # via markdown-it-py
litellm==1.47.0
    # via aider-chat
locket==1.0.0
    # via partd
logging-tree==1.10
    # via sandbox-agent
loguru==0.7.2
    # via sandbox-agent
lsprotocol==2023.0.1
    # via jedi-language-server
    # via pygls
lxml==5.3.0
    # via changelogs
    # via pypi-command-line
    # via python-docx
    # via sandbox-agent
    # via yfinance
lz4==4.3.3
    # via pinecone-client
maison==2.0.0
    # via yamlfix
manhole==1.8.1
    # via hunter
markdown==3.7
    # via mdx-gh-links
    # via mkdocs
    # via mkdocs-autorefs
    # via mkdocs-material
    # via mkdocstrings
    # via pymdown-extensions
    # via sandbox-agent
    # via tensorboard
markdown-it-py==3.0.0
    # via aider-chat
    # via jupytext
    # via mdformat
    # via mdformat-gfm
    # via mdit-py-plugins
    # via rich
    # via textual
markdown2==2.5.0
    # via md2pdf
markupsafe==2.1.5
    # via aider-chat
    # via jinja2
    # via mkdocs
    # via mkdocs-autorefs
    # via mkdocstrings
    # via nbconvert
    # via werkzeug
marshmallow==3.22.0
    # via dataclasses-json
matplotlib==3.9.2
    # via sandbox-agent
matplotlib-inline==0.1.7
    # via ipykernel
    # via ipython
mbstrdecoder==1.1.3
    # via dataproperty
    # via pytablewriter
    # via typepy
mccabe==0.7.0
    # via aider-chat
    # via flake8
    # via pylint
md2pdf==1.0.1
    # via sandbox-agent
mdformat==0.7.17
    # via mdformat-admon
    # via mdformat-config
    # via mdformat-footnote
    # via mdformat-frontmatter
    # via mdformat-gfm
    # via mdformat-mkdocs
    # via mdformat-pyproject
    # via mdformat-tables
mdformat-admon==2.0.6
    # via mdformat-mkdocs
mdformat-config==0.1.3
mdformat-footnote==0.1.1
mdformat-frontmatter==2.0.8
mdformat-gfm==0.3.6
    # via mdformat-mkdocs
mdformat-mkdocs==3.0.0
mdformat-pyproject==0.0.1
mdformat-tables==1.0.0
    # via mdformat-gfm
mdit-py-plugins==0.4.1
    # via jupytext
    # via markdown-it-py
    # via mdformat-admon
    # via mdformat-footnote
    # via mdformat-frontmatter
    # via mdformat-gfm
    # via mdformat-mkdocs
mdurl==0.1.2
    # via aider-chat
    # via markdown-it-py
mdx-gh-links==0.4
memory-profiler==0.61.0
    # via sandbox-agent
memray==1.13.4
    # via pytest-memray
mergedeep==1.3.4
    # via mkdocs
    # via mkdocs-get-deps
mistune==3.0.2
    # via nbconvert
mkdocs==1.6.1
    # via mkdocs-autorefs
    # via mkdocs-include-markdown-plugin
    # via mkdocs-jupyter
    # via mkdocs-material
    # via mkdocs-mermaid2-plugin
    # via mkdocs-redirects
    # via mkdocs-simple-hooks
    # via mkdocs-with-pdf
    # via mkdocstrings
mkdocs-autorefs==1.2.0
    # via mkdocstrings
    # via mkdocstrings-python
mkdocs-get-deps==0.2.0
    # via mkdocs
mkdocs-include-markdown-plugin==6.2.2
mkdocs-jupyter==0.24.8
mkdocs-material==9.5.34
    # via mkdocs-jupyter
mkdocs-material-extensions==1.3.1
    # via mkdocs-material
mkdocs-mermaid2-plugin==1.1.1
mkdocs-redirects==1.2.1
mkdocs-simple-hooks==0.1.5
mkdocs-version-annotations==1.0.0
mkdocs-with-pdf==0.9.3
mkdocstrings==0.26.0
    # via mkdocstrings-python
mkdocstrings-python==1.10.9
    # via mkdocstrings
mmh3==4.1.0
    # via chromadb
monkeytype==23.3.0
monotonic==1.6
    # via posthog
more-itertools==10.4.0
    # via mdformat-mkdocs
motor==3.5.1
    # via sandbox-agent
moviepy==1.0.3
    # via sandbox-agent
mpmath==1.3.0
    # via sympy
msgpack==1.1.0
    # via langgraph-checkpoint
multidict==6.1.0
    # via aider-chat
    # via aiohttp
    # via yarl
multiprocess==0.70.16
    # via datasets
    # via sandbox-agent
multitasking==0.0.11
    # via yfinance
mutagen==1.47.0
    # via sandbox-agent
mypy==1.11.2
mypy-extensions==1.0.0
    # via black
    # via monkeytype
    # via mypy
    # via typing-inspect
narwhals==1.6.0
    # via altair
nbclient==0.10.0
    # via nbconvert
nbconvert==7.16.4
    # via jupyter-server
    # via mkdocs-jupyter
    # via sandbox-agent
nbformat==5.10.4
    # via jupyter-server
    # via jupytext
    # via nbclient
    # via nbconvert
nbqa==1.9.0
    # via sandbox-agent
nest-asyncio==1.6.0
    # via ipykernel
networkx==3.2.1
    # via aider-chat
    # via torch
nodeenv==1.9.1
    # via pre-commit
    # via pyright
notebook==7.2.2
    # via sandbox-agent
notebook-shim==0.2.4
    # via jupyterlab
    # via notebook
numpy==1.26.4
    # via aider-chat
    # via chroma-hnswlib
    # via chromadb
    # via contourpy
    # via datasets
    # via faiss-cpu
    # via imageio
    # via langchain
    # via langchain-chroma
    # via langchain-community
    # via langchain-postgres
    # via matplotlib
    # via moviepy
    # via onnxruntime
    # via opencv-python
    # via pandas
    # via pandas-stubs
    # via pgvector
    # via pyarrow
    # via pydeck
    # via pyinspect
    # via rank-bm25
    # via rapidocr-onnxruntime
    # via sandbox-agent
    # via scenedetect
    # via scikit-learn
    # via scipy
    # via sentence-transformers
    # via seqeval
    # via shapely
    # via simpletransformers
    # via streamlit
    # via tensorboard
    # via tensorboardx
    # via torchvision
    # via transformers
    # via yfinance
oauthlib==3.2.2
    # via kubernetes
    # via requests-oauthlib
onnxruntime==1.19.0
    # via chromadb
    # via rapidocr-onnxruntime
openai==1.47.0
    # via aider-chat
    # via langchain-openai
    # via litellm
opencv-python==4.10.0.84
    # via rapidocr-onnxruntime
    # via scenedetect
opentelemetry-api==1.27.0
    # via chromadb
    # via opentelemetry-distro
    # via opentelemetry-exporter-otlp-proto-grpc
    # via opentelemetry-instrumentation
    # via opentelemetry-instrumentation-asgi
    # via opentelemetry-instrumentation-fastapi
    # via opentelemetry-sdk
    # via opentelemetry-semantic-conventions
opentelemetry-distro==0.48b0
    # via sentry-sdk
opentelemetry-exporter-otlp-proto-common==1.27.0
    # via opentelemetry-exporter-otlp-proto-grpc
opentelemetry-exporter-otlp-proto-grpc==1.27.0
    # via chromadb
opentelemetry-instrumentation==0.48b0
    # via opentelemetry-distro
    # via opentelemetry-instrumentation-asgi
    # via opentelemetry-instrumentation-fastapi
opentelemetry-instrumentation-asgi==0.48b0
    # via opentelemetry-instrumentation-fastapi
opentelemetry-instrumentation-fastapi==0.48b0
    # via chromadb
opentelemetry-proto==1.27.0
    # via opentelemetry-exporter-otlp-proto-common
    # via opentelemetry-exporter-otlp-proto-grpc
opentelemetry-sdk==1.27.0
    # via chromadb
    # via opentelemetry-distro
    # via opentelemetry-exporter-otlp-proto-grpc
opentelemetry-semantic-conventions==0.48b0
    # via opentelemetry-instrumentation-asgi
    # via opentelemetry-instrumentation-fastapi
    # via opentelemetry-sdk
opentelemetry-util-http==0.48b0
    # via opentelemetry-instrumentation-asgi
    # via opentelemetry-instrumentation-fastapi
orjson==3.10.7
    # via aioprometheus
    # via chromadb
    # via fastapi
    # via langgraph-checkpoint-postgres
    # via langgraph-sdk
    # via langserve
    # via langsmith
overrides==7.7.0
    # via chromadb
packaging==24.1
    # via aider-chat
    # via altair
    # via black
    # via build
    # via changelogs
    # via dask
    # via datasets
    # via faiss-cpu
    # via huggingface-hub
    # via ipykernel
    # via jupyter-server
    # via jupyterlab
    # via jupyterlab-server
    # via jupytext
    # via langchain-core
    # via langchainhub
    # via marshmallow
    # via matplotlib
    # via mkdocs
    # via nbconvert
    # via onnxruntime
    # via pypi-command-line
    # via pyproject-api
    # via pytesseract
    # via pytest
    # via pytest-sugar
    # via streamlit
    # via tensorboard
    # via tensorboardx
    # via tox
    # via transformers
    # via typepy
    # via validate-pyproject
paginate==0.5.7
    # via mkdocs-material
pandas==2.2.2
    # via datasets
    # via sandbox-agent
    # via simpletransformers
    # via streamlit
    # via yfinance
pandas-stubs==2.2.2.240807
pandocfilters==1.5.1
    # via nbconvert
parso==0.8.4
    # via jedi
partd==1.4.2
    # via dask
passlib==1.7.4
    # via sandbox-agent
pathlib-mate==1.3.2
    # via sandbox-agent
pathspec==0.12.1
    # via aider-chat
    # via black
    # via grep-ast
    # via mkdocs
    # via yamllint
pathvalidate==3.2.1
    # via pytablewriter
pdf2image==1.17.0
    # via sandbox-agent
peewee==3.17.6
    # via yfinance
pexpect==4.9.0
    # via aider-chat
    # via ipython
pgvector==0.2.5
    # via langchain-postgres
pickledb==0.9.2
    # via sandbox-agent
pillow==10.4.0
    # via aider-chat
    # via imageio
    # via matplotlib
    # via pdf2image
    # via pytesseract
    # via rapidocr-onnxruntime
    # via sandbox-agent
    # via sentence-transformers
    # via streamlit
    # via torchvision
    # via weasyprint
pinecone-client==5.0.1
    # via sandbox-agent
pinecone-plugin-inference==1.0.3
    # via pinecone-client
pinecone-plugin-interface==0.0.7
    # via pinecone-client
    # via pinecone-plugin-inference
platformdirs==4.2.2
    # via black
    # via jupyter-core
    # via mkdocs-get-deps
    # via mkdocstrings
    # via pylint
    # via requests-cache
    # via scenedetect
    # via textual
    # via tox
    # via virtualenv
    # via wandb
    # via yfinance
pluggy==1.5.0
    # via pytest
    # via tox
posthog==3.6.0
    # via chromadb
pprintpp==0.4.0
    # via pytest-clarity
pre-commit==3.8.0
prettytable==3.11.0
    # via sandbox-agent
primp==0.6.3
    # via duckduckgo-search
proglog==0.1.10
    # via moviepy
prometheus-client==0.20.0
    # via jupyter-server
    # via sandbox-agent
prompt-toolkit==3.0.47
    # via aider-chat
    # via aiomonitor
    # via ipython
    # via questionary
proto-plus==1.24.0
    # via google-ai-generativelanguage
    # via google-api-core
protobuf==4.25.4
    # via google-ai-generativelanguage
    # via google-api-core
    # via google-generativeai
    # via googleapis-common-protos
    # via grpcio-status
    # via onnxruntime
    # via opentelemetry-proto
    # via pinecone-client
    # via proto-plus
    # via protoc-gen-openapiv2
    # via streamlit
    # via tensorboard
    # via tensorboardx
    # via wandb
protoc-gen-openapiv2==0.0.1
    # via pinecone-client
psutil==6.0.0
    # via aider-chat
    # via ipykernel
    # via memory-profiler
    # via wandb
psycopg==3.2.1
    # via langchain-postgres
    # via langgraph-checkpoint-postgres
psycopg-pool==3.2.2
    # via langchain-postgres
    # via langgraph-checkpoint-postgres
psycopg2-binary==2.9.9
    # via sandbox-agent
ptyprocess==0.7.0
    # via aider-chat
    # via pexpect
    # via terminado
pur==7.3.2
    # via sandbox-agent
pure-eval==0.2.3
    # via stack-data
pyarrow==17.0.0
    # via datasets
    # via streamlit
pyasn1==0.6.0
    # via pyasn1-modules
    # via rsa
pyasn1-modules==0.4.0
    # via google-auth
pycares==4.4.0
    # via aiodns
pyclipper==1.3.0.post5
    # via rapidocr-onnxruntime
pycodestyle==2.12.1
    # via aider-chat
    # via autopep8
    # via flake8
pycparser==2.22
    # via aider-chat
    # via cffi
pycryptodome==3.20.0
    # via sandbox-agent
pydantic==2.9.2
    # via aider-chat
    # via anthropic
    # via chromadb
    # via fastapi
    # via google-generativeai
    # via groq
    # via langchain
    # via langchain-anthropic
    # via langchain-core
    # via langchain-google-genai
    # via langserve
    # via langsmith
    # via litellm
    # via openai
    # via pydantic-extra-types
    # via pydantic-settings
    # via sandbox-agent
    # via yamlfix
pydantic-core==2.23.4
    # via aider-chat
    # via pydantic
pydantic-extra-types==2.9.0
    # via fastapi
pydantic-settings==2.4.0
    # via fastapi
    # via langchain-community
    # via sandbox-agent
pydeck==0.9.1
    # via streamlit
pydocstringformatter==0.7.3
pydocstyle==6.3.0
pydub==0.25.1
    # via aider-chat
pydyf==0.11.0
    # via weasyprint
pyflakes==3.2.0
    # via aider-chat
    # via flake8
pygls==1.3.1
    # via jedi-language-server
pygments==2.18.0
    # via aider-chat
    # via bpython
    # via ipython
    # via mkdocs-jupyter
    # via mkdocs-material
    # via nbconvert
    # via rich
    # via sandbox-agent
pyinspect==0.1.0
    # via sandbox-agent
pyinstrument==4.7.2
    # via sandbox-agent
pylint==3.2.7
pylint-per-file-ignores==1.3.2
pylint-to-ruff==0.3.0
pymarkdownlnt==0.9.22
pymdown-extensions==10.9
    # via mkdocs-material
    # via mkdocs-mermaid2-plugin
    # via mkdocstrings
pymongo==4.8.0
    # via motor
pymupdf==1.24.10
    # via sandbox-agent
pymupdfb==1.24.10
    # via pymupdf
pyowm==3.3.0
    # via sandbox-agent
pypandoc==1.13
    # via aider-chat
pyparsing==3.1.4
    # via grandalf
    # via httplib2
    # via matplotlib
pypdf==4.3.1
    # via sandbox-agent
pypdf2==3.0.1
    # via sandbox-agent
pyperclip==1.9.0
    # via aider-chat
pyphen==0.16.0
    # via weasyprint
pypi-command-line==1.7.1
    # via sandbox-agent
pypika==0.48.9
    # via chromadb
pyproject-api==1.7.1
    # via tox
pyproject-hooks==1.1.0
    # via build
pyright==1.1.378
pysnooper==1.2.0
pysocks==1.7.1
    # via pyowm
    # via requests
pytablewriter==1.2.0
    # via sandbox-agent
pytesseract==0.3.13
    # via sandbox-agent
pytest==8.3.2
    # via dpytest
    # via pytest-aiohttp
    # via pytest-asyncio
    # via pytest-clarity
    # via pytest-cov
    # via pytest-httpx
    # via pytest-ignore-flaky
    # via pytest-memray
    # via pytest-mock
    # via pytest-recording
    # via pytest-retry
    # via pytest-skip-slow
    # via pytest-sugar
pytest-aiohttp==1.0.5
pytest-asyncio==0.24.0
    # via dpytest
    # via pytest-aiohttp
pytest-clarity==1.0.1
pytest-cov==5.0.0
pytest-httpx==0.30.0
pytest-ignore-flaky==2.2.1
pytest-memray==1.7.0
pytest-mock==3.14.0
pytest-recording==0.13.2
pytest-retry==1.6.3
pytest-skip-slow==0.0.5
pytest-sugar==1.0.0
python-dateutil==2.9.0.post0
    # via faker
    # via ghp-import
    # via jupyter-client
    # via kubernetes
    # via matplotlib
    # via pandas
    # via posthog
    # via typepy
python-decouple==3.8
    # via sandbox-agent
python-docx==1.1.2
    # via sandbox-agent
python-dotenv==1.0.1
    # via aider-chat
    # via litellm
    # via pydantic-settings
    # via sandbox-agent
    # via uvicorn
python-json-logger==2.0.7
    # via jupyter-events
    # via sandbox-agent
python-levenshtein==0.25.1
    # via sandbox-agent
python-multipart==0.0.9
    # via fastapi
python-slugify==8.0.4
    # via sandbox-agent
pytz==2024.1
    # via pandas
    # via sandbox-agent
    # via typepy
    # via yfinance
pyupgrade==3.17.0
pyxdg==0.28
    # via bpython
pyyaml==6.0.2
    # via aider-chat
    # via application-properties
    # via chromadb
    # via dask
    # via fastapi
    # via huggingface-hub
    # via jupyter-events
    # via jupytext
    # via kubernetes
    # via langchain
    # via langchain-community
    # via langchain-core
    # via libcst
    # via mkdocs
    # via mkdocs-get-deps
    # via pre-commit
    # via pymdown-extensions
    # via pyyaml-env-tag
    # via rapidocr-onnxruntime
    # via timm
    # via transformers
    # via uvicorn
    # via vcrpy
    # via wandb
    # via watchdog
    # via yamllint
pyyaml-env-tag==0.1
    # via mkdocs
pyzmq==26.2.0
    # via ipykernel
    # via jupyter-client
    # via jupyter-server
quantile-python==1.1
    # via aioprometheus
questionary==1.10.0
    # via pypi-command-line
rank-bm25==0.2.2
    # via sandbox-agent
rapidfuzz==3.9.7
    # via levenshtein
    # via pypi-command-line
    # via sandbox-agent
    # via thefuzz
rapidocr-onnxruntime==1.3.24
    # via sandbox-agent
redis==5.0.8
    # via sandbox-agent
referencing==0.35.1
    # via aider-chat
    # via jsonschema
    # via jsonschema-specifications
    # via types-jsonschema
regex==2024.9.11
    # via aider-chat
    # via mkdocs-material
    # via simpletransformers
    # via tiktoken
    # via transformers
requests==2.32.3
    # via aider-chat
    # via bpython
    # via changelogs
    # via datasets
    # via gallery-dl
    # via google-api-core
    # via huggingface-hub
    # via jupyterlab-server
    # via kubernetes
    # via langchain
    # via langchain-community
    # via langchainhub
    # via langsmith
    # via litellm
    # via mkdocs-material
    # via mkdocs-mermaid2-plugin
    # via moviepy
    # via posthog
    # via pyinspect
    # via pyowm
    # via pypi-command-line
    # via requests-cache
    # via requests-mock
    # via requests-oauthlib
    # via requests-toolbelt
    # via responses
    # via sandbox-agent
    # via simpletransformers
    # via streamlit
    # via tavily-python
    # via tiktoken
    # via transformers
    # via wandb
    # via wikipedia
    # via yfinance
    # via youtube-search
requests-cache==1.2.1
    # via pypi-command-line
requests-mock==1.12.1
requests-oauthlib==2.0.0
    # via google-auth-oauthlib
    # via kubernetes
requests-toolbelt==1.0.0
    # via langsmith
    # via sandbox-agent
responses==0.18.0
    # via datasets
respx==0.21.1
rich==13.8.1
    # via aider-chat
    # via bump-pydantic
    # via chromadb
    # via memray
    # via pyinspect
    # via pypi-command-line
    # via pytest-clarity
    # via rich-click
    # via rich-rst
    # via streamlit
    # via textual
    # via typer
rich-click==1.8.3
    # via pypi-command-line
rich-rst==1.3.1
    # via pypi-command-line
rpds-py==0.20.0
    # via aider-chat
    # via jsonschema
    # via referencing
rsa==4.9
    # via google-auth
ruamel-yaml==0.18.6
    # via mdformat-config
    # via mdformat-frontmatter
ruamel-yaml-clib==0.2.8
    # via ruamel-yaml
ruff==0.6.3
ruyaml==0.91.0
    # via yamlfix
safetensors==0.4.4
    # via timm
    # via transformers
scenedetect==0.6.4
    # via sandbox-agent
scikit-learn==1.5.1
    # via sentence-transformers
    # via seqeval
    # via simpletransformers
scipy==1.13.1
    # via aider-chat
    # via scikit-learn
    # via sentence-transformers
    # via simpletransformers
send2trash==1.8.3
    # via jupyter-server
sentence-transformers==3.0.1
    # via sandbox-agent
sentencepiece==0.2.0
    # via sandbox-agent
    # via simpletransformers
sentry-sdk==2.13.0
    # via sandbox-agent
    # via wandb
seqeval==1.2.2
    # via simpletransformers
setproctitle==1.3.3
    # via wandb
setuptools==74.1.0
    # via imageio-ffmpeg
    # via jupyterlab
    # via mkdocs-mermaid2-plugin
    # via opentelemetry-instrumentation
    # via pytablewriter
    # via ruyaml
    # via tensorboard
    # via torch
    # via wandb
shapely==2.0.6
    # via rapidocr-onnxruntime
shellingham==1.5.4
    # via pypi-command-line
    # via typer
simpletransformers==0.70.1
    # via sandbox-agent
six==1.16.0
    # via asttokens
    # via bleach
    # via blessed
    # via docker-pycreds
    # via html5lib
    # via jsbeautifier
    # via kubernetes
    # via posthog
    # via python-dateutil
    # via rapidocr-onnxruntime
    # via tensorboard
    # via url-normalize
smmap==5.0.1
    # via aider-chat
    # via gitdb
sniffio==1.3.1
    # via aider-chat
    # via anthropic
    # via anyio
    # via groq
    # via httpx
    # via openai
snowballstemmer==2.2.0
    # via pydocstyle
sounddevice==0.5.0
    # via aider-chat
soundfile==0.12.1
    # via aider-chat
soupsieve==2.6
    # via aider-chat
    # via beautifulsoup4
    # via sandbox-agent
sourcery==1.22.0
sqlalchemy==2.0.32
    # via langchain
    # via langchain-community
    # via langchain-postgres
sse-starlette==1.8.2
    # via langserve
stack-data==0.6.3
    # via ipython
starlette==0.38.4
    # via aioprometheus
    # via fastapi
    # via sse-starlette
streamlit==1.34.0
    # via sandbox-agent
    # via simpletransformers
striprtf==0.0.26
    # via sandbox-agent
sympy==1.13.2
    # via onnxruntime
    # via torch
tabledata==1.3.3
    # via pytablewriter
tavily-python==0.5.0
    # via sandbox-agent
tcolorpy==0.1.6
    # via pytablewriter
telnetlib3==2.0.4
    # via sandbox-agent
tenacity==8.5.0
    # via chromadb
    # via langchain
    # via langchain-community
    # via langchain-core
    # via sandbox-agent
    # via streamlit
tensorboard==2.17.1
    # via simpletransformers
tensorboard-data-server==0.7.2
    # via tensorboard
tensorboardx==2.6.2.2
    # via simpletransformers
termcolor==2.4.0
    # via pytest-sugar
terminado==0.18.1
    # via jupyter-server
    # via jupyter-server-terminals
terminaltables==3.1.10
    # via aiomonitor
text-unidecode==1.3
    # via python-slugify
textual==0.79.1
    # via memray
thefuzz==0.22.1
    # via pypi-command-line
threadpoolctl==3.5.0
    # via scikit-learn
tiktoken==0.7.0
    # via aider-chat
    # via langchain-openai
    # via litellm
    # via tavily-python
timm==1.0.9
    # via sandbox-agent
tinycss2==1.3.0
    # via cssselect2
    # via nbconvert
    # via weasyprint
tokenize-rt==6.0.0
    # via nbqa
    # via pyupgrade
tokenizers==0.19.1
    # via aider-chat
    # via anthropic
    # via chromadb
    # via litellm
    # via simpletransformers
    # via transformers
toml==0.10.2
    # via maison
    # via mdformat-config
    # via streamlit
tomli==2.0.1
    # via application-properties
    # via nbqa
tomlkit==0.13.2
    # via pylint
toolz==0.12.1
    # via columnar
    # via dask
    # via partd
torch==2.4.0
    # via sandbox-agent
    # via sentence-transformers
    # via timm
    # via torchvision
torchvision==0.19.0
    # via sandbox-agent
    # via timm
tornado==6.4.1
    # via ipykernel
    # via jupyter-client
    # via jupyter-server
    # via jupyterlab
    # via notebook
    # via streamlit
    # via terminado
towncrier==24.8.0
tox==4.18.0
tqdm==4.66.5
    # via aider-chat
    # via chromadb
    # via datasets
    # via google-generativeai
    # via huggingface-hub
    # via moviepy
    # via openai
    # via pinecone-client
    # via proglog
    # via sandbox-agent
    # via scenedetect
    # via sentence-transformers
    # via simpletransformers
    # via transformers
trafaret==2.1.1
    # via aiomonitor
traitlets==5.14.3
    # via comm
    # via ipykernel
    # via ipython
    # via ipywidgets
    # via jupyter-client
    # via jupyter-core
    # via jupyter-events
    # via jupyter-server
    # via jupyterlab
    # via matplotlib-inline
    # via nbclient
    # via nbconvert
    # via nbformat
transformers==4.44.2
    # via sandbox-agent
    # via sentence-transformers
    # via simpletransformers
tree-sitter==0.21.3
    # via aider-chat
    # via tree-sitter-languages
tree-sitter-languages==1.10.2
    # via aider-chat
    # via grep-ast
trove-classifiers==2024.7.2
    # via validate-pyproject
typepy==1.3.2
    # via dataproperty
    # via pytablewriter
    # via tabledata
typer==0.12.5
    # via bump-pydantic
    # via chromadb
    # via fastapi-cli
    # via pypi-command-line
    # via sandbox-agent
types-aiofiles==24.1.0.20240626
types-beautifulsoup4==4.12.0.20240511
types-cffi==1.16.0.20240331
    # via types-pyopenssl
types-click==7.1.8
types-click-spinner==0.1.13.20240311
types-colorama==0.4.15.20240311
types-contextvars==2.4.7.3
types-dataclasses==0.6.6
types-freezegun==1.1.10
types-html5lib==1.1.11.20240806
    # via types-beautifulsoup4
types-jsonschema==4.23.0.20240813
types-mock==5.1.0.20240425
types-mypy-extensions==1.0.0.20240311
types-protobuf==5.27.0.20240626
types-psutil==6.0.0.20240901
types-pyasn1==0.6.0.20240824
    # via types-python-jose
types-pyopenssl==24.1.0.20240722
    # via types-redis
types-python-jose==3.3.4.20240106
types-pytz==2024.1.0.20240417
    # via pandas-stubs
types-pyyaml==6.0.12.20240808
types-redis==4.6.0.20240819
types-regex==2024.7.24.20240726
types-requests==2.32.0.20240712
    # via langchainhub
types-setuptools==74.0.0.20240831
    # via types-cffi
types-six==1.16.21.20240513
types-toml==0.10.8.20240310
types-tqdm==4.66.0.20240417
types-ujson==5.10.0.20240515
types-urllib3==1.26.25.14
typing-extensions==4.12.2
    # via aider-chat
    # via aiodebug
    # via aiomonitor
    # via aiosqlite
    # via altair
    # via anthropic
    # via application-properties
    # via bump-pydantic
    # via chromadb
    # via fastapi
    # via google-generativeai
    # via groq
    # via huggingface-hub
    # via janus
    # via langchain-core
    # via mypy
    # via openai
    # via opentelemetry-sdk
    # via pinecone-client
    # via psycopg
    # via psycopg-pool
    # via pydantic
    # via pydantic-core
    # via pymarkdownlnt
    # via python-docx
    # via rich-click
    # via sqlalchemy
    # via streamlit
    # via textual
    # via torch
    # via typer
    # via typing-inspect
typing-inspect==0.9.0
    # via dataclasses-json
tzdata==2024.1
    # via pandas
uc-micro-py==1.0.3
    # via linkify-it-py
ujson==5.10.0
    # via fastapi
    # via pypi-command-line
untokenize==0.1.1
    # via docformatter
uritemplate==4.1.1
    # via google-api-python-client
    # via sandbox-agent
uritools==4.0.3
    # via sandbox-agent
url-normalize==1.4.3
    # via requests-cache
urllib3==2.2.3
    # via aider-chat
    # via kubernetes
    # via pinecone-client
    # via requests
    # via requests-cache
    # via responses
    # via sentry-sdk
    # via types-requests
uvicorn==0.32.0
    # via chromadb
    # via fastapi
    # via fastapi-cli
    # via sandbox-agent
    # via sse-starlette
uvloop==0.20.0
    # via uvicorn
validate-pyproject==0.19
validate-pyproject-schema-store==2024.8.26
    # via validate-pyproject
validators==0.33.0
    # via changelogs
    # via sandbox-agent
vcrpy==6.0.1
    # via pytest-recording
virtualenv==20.26.3
    # via pre-commit
    # via tox
wandb==0.17.8
    # via simpletransformers
watchdog==5.0.1
    # via mkdocs
    # via sandbox-agent
watchfiles==0.24.0
    # via uvicorn
wcmatch==9.0
    # via mkdocs-include-markdown-plugin
wcwidth==0.2.13
    # via aider-chat
    # via blessed
    # via columnar
    # via mdformat-tables
    # via prettytable
    # via prompt-toolkit
weasyprint==62.3
    # via md2pdf
    # via mkdocs-with-pdf
webcolors==1.13
    # via sandbox-agent
webencodings==0.5.1
    # via bleach
    # via cssselect2
    # via html5lib
    # via tinycss2
websocket-client==1.8.0
    # via jupyter-server
    # via kubernetes
websockets==13.0.1
    # via sandbox-agent
    # via uvicorn
werkzeug==3.0.4
    # via gutter
    # via tensorboard
wheel-filename==1.4.1
    # via pypi-command-line
widgetsnbextension==4.0.13
    # via ipywidgets
    # via sandbox-agent
wikipedia==1.4.0
    # via sandbox-agent
wrapt==1.16.0
    # via deprecated
    # via opentelemetry-instrumentation
    # via vcrpy
xxhash==3.5.0
    # via datasets
yamlfix==1.17.0
yamllint==1.35.1
yarl==1.11.1
    # via aider-chat
    # via aiohttp
    # via vcrpy
yfinance==0.2.43
    # via sandbox-agent
youtube-search==2.1.2
    # via sandbox-agent
zipp==3.20.2
    # via aider-chat
    # via importlib-metadata
zopfli==0.2.3
    # via fonttools
